
Microsoft Visual Studio Solution File, Format Version 12.00
# Visual Studio Version 17
VisualStudioVersion = 17.5.33627.172
MinimumVisualStudioVersion = 10.0.40219.1
Project("{2150E333-8FDC-42A3-9474-1A3956D46DE8}") = "Presentation", "Presentation", "{6F7BB1F0-3990-4824-8536-4056648473BF}"
EndProject
Project("{2150E333-8FDC-42A3-9474-1A3956D46DE8}") = "Infrastructure", "Infrastructure", "{22A9B853-8458-4B96-BB05-F2B31EA5F314}"
EndProject
Project("{2150E333-8FDC-42A3-9474-1A3956D46DE8}") = "Core", "Core", "{312D4B9F-C457-4AF3-8A75-1533077FEECD}"
EndProject
Project("{9A19103F-16F7-4668-BE54-9A1E7A4F7556}") = "InsanKaynaklari.MVC", "InsanKaynaklari.MVC\InsanKaynaklari.MVC.csproj", "{A67CD40F-D664-4989-9FFF-929FF179DF79}"
EndProject
Project("{9A19103F-16F7-4668-BE54-9A1E7A4F7556}") = "InsanKaynaklari.Application", "InsanKaynaklari.Application\InsanKaynaklari.Application.csproj", "{27971AB7-A5F9-49BC-B021-FEDCD853CBE2}"
EndProject
Project("{9A19103F-16F7-4668-BE54-9A1E7A4F7556}") = "InsanKaynaklari.Domain", "InsanKaynaklari.Domain\InsanKaynaklari.Domain.csproj", "{DFFEC032-50EC-483D-B462-F3AFD212234A}"
EndProject
Project("{9A19103F-16F7-4668-BE54-9A1E7A4F7556}") = "InsanKaynaklari.Infrastructure", "InsanKaynaklari.Infrastructure\InsanKaynaklari.Infrastructure.csproj", "{4A731511-B89F-48E1-BF7B-C495B5E9C852}"
EndProject
Project("{9A19103F-16F7-4668-BE54-9A1E7A4F7556}") = "InsanKaynaklari.Persistence", "InsanKaynaklari.Persistence\InsanKaynaklari.Persistence.csproj", "{F8F22D4A-B6AE-4276-8FFB-CDCA81C72DCB}"
EndProject
Global
	GlobalSection(SolutionConfigurationPlatforms) = preSolution
		Debug|Any CPU = Debug|Any CPU
		Release|Any CPU = Release|Any CPU
	EndGlobalSection
	GlobalSection(ProjectConfigurationPlatforms) = postSolution
		{A67CD40F-D664-4989-9FFF-929FF179DF79}.Debug|Any CPU.ActiveCfg = Debug|Any CPU
		{A67CD40F-D664-4989-9FFF-929FF179DF79}.Debug|Any CPU.Build.0 = Debug|Any CPU
		{A67CD40F-D664-4989-9FFF-929FF179DF79}.Release|Any CPU.ActiveCfg = Release|Any CPU
		{A67CD40F-D664-4989-9FFF-929FF179DF79}.Release|Any CPU.Build.0 = Release|Any CPU
		{27971AB7-A5F9-49BC-B021-FEDCD853CBE2}.Debug|Any CPU.ActiveCfg = Debug|Any CPU
		{27971AB7-A5F9-49BC-B021-FEDCD853CBE2}.Debug|Any CPU.Build.0 = Debug|Any CPU
		{27971AB7-A5F9-49BC-B021-FEDCD853CBE2}.Release|Any CPU.ActiveCfg = Release|Any CPU
		{27971AB7-A5F9-49BC-B021-FEDCD853CBE2}.Release|Any CPU.Build.0 = Release|Any CPU
		{DFFEC032-50EC-483D-B462-F3AFD212234A}.Debug|Any CPU.ActiveCfg = Debug|Any CPU
		{DFFEC032-50EC-483D-B462-F3AFD212234A}.Debug|Any CPU.Build.0 = Debug|Any CPU
		{DFFEC032-50EC-483D-B462-F3AFD212234A}.Release|Any CPU.ActiveCfg = Release|Any CPU
		{DFFEC032-50EC-483D-B462-F3AFD212234A}.Release|Any CPU.Build.0 = Release|Any CPU
		{4A731511-B89F-48E1-BF7B-C495B5E9C852}.Debug|Any CPU.ActiveCfg = Debug|Any CPU
		{4A731511-B89F-48E1-BF7B-C495B5E9C852}.Debug|Any CPU.Build.0 = Debug|Any CPU
		{4A731511-B89F-48E1-BF7B-C495B5E9C852}.Release|Any CPU.ActiveCfg = Release|Any CPU
		{4A731511-B89F-48E1-BF7B-C495B5E9C852}.Release|Any CPU.Build.0 = Release|Any CPU
		{F8F22D4A-B6AE-4276-8FFB-CDCA81C72DCB}.Debug|Any CPU.ActiveCfg = Debug|Any CPU
		{F8F22D4A-B6AE-4276-8FFB-CDCA81C72DCB}.Debug|Any CPU.Build.0 = Debug|Any CPU
		{F8F22D4A-B6AE-4276-8FFB-CDCA81C72DCB}.Release|Any CPU.ActiveCfg = Release|Any CPU
		{F8F22D4A-B6AE-4276-8FFB-CDCA81C72DCB}.Release|Any CPU.Build.0 = Release|Any CPU
	EndGlobalSection
	GlobalSection(SolutionProperties) = preSolution
		HideSolutionNode = FALSE
	EndGlobalSection
	GlobalSection(NestedProjects) = preSolution
		{A67CD40F-D664-4989-9FFF-929FF179DF79} = {6F7BB1F0-3990-4824-8536-4056648473BF}
		{27971AB7-A5F9-49BC-B021-FEDCD853CBE2} = {312D4B9F-C457-4AF3-8A75-1533077FEECD}
		{DFFEC032-50EC-483D-B462-F3AFD212234A} = {312D4B9F-C457-4AF3-8A75-1533077FEECD}
		{4A731511-B89F-48E1-BF7B-C495B5E9C852} = {22A9B853-8458-4B96-BB05-F2B31EA5F314}
		{F8F22D4A-B6AE-4276-8FFB-CDCA81C72DCB} = {22A9B853-8458-4B96-BB05-F2B31EA5F314}
	EndGlobalSection
	GlobalSection(ExtensibilityGlobals) = postSolution
		SolutionGuid = {6DFB5322-5FBE-4D03-8312-EA7B317BF148}
	EndGlobalSection
EndGlobal
